// !$*UTF8*$!
{
	archiveVersion = 1;
	classes = {
	};
	objectVersion = 55;
	objects = {

/* Begin PBXBuildFile section */
		AD2F29C1288EEEE100ECFF7C /* AppDelegate.swift in Sources */ = {isa = PBXBuildFile; fileRef = AD2F29C0288EEEE100ECFF7C /* AppDelegate.swift */; };
		AD2F29C3288EEEE100ECFF7C /* SceneDelegate.swift in Sources */ = {isa = PBXBuildFile; fileRef = AD2F29C2288EEEE100ECFF7C /* SceneDelegate.swift */; };
		AD2F29C5288EEEE100ECFF7C /* ViewController.swift in Sources */ = {isa = PBXBuildFile; fileRef = AD2F29C4288EEEE100ECFF7C /* ViewController.swift */; };
		AD2F29C8288EEEE100ECFF7C /* Main.storyboard in Resources */ = {isa = PBXBuildFile; fileRef = AD2F29C6288EEEE100ECFF7C /* Main.storyboard */; };
		AD2F29CA288EEEE200ECFF7C /* Assets.xcassets in Resources */ = {isa = PBXBuildFile; fileRef = AD2F29C9288EEEE200ECFF7C /* Assets.xcassets */; };
		AD2F29CD288EEEE200ECFF7C /* LaunchScreen.storyboard in Resources */ = {isa = PBXBuildFile; fileRef = AD2F29CB288EEEE200ECFF7C /* LaunchScreen.storyboard */; };
		AD89B5E0288F884300A63D77 /* secondVC.swift in Sources */ = {isa = PBXBuildFile; fileRef = AD89B5DF288F884300A63D77 /* secondVC.swift */; };
/* End PBXBuildFile section */

/* Begin PBXFileReference section */
		AD2F29BD288EEEE100ECFF7C /* practiceLesson6.app */ = {isa = PBXFileReference; explicitFileType = wrapper.application; includeInIndex = 0; path = practiceLesson6.app; sourceTree = BUILT_PRODUCTS_DIR; };
		AD2F29C0288EEEE100ECFF7C /* AppDelegate.swift */ = {isa = PBXFileReference; lastKnownFileType = sourcecode.swift; path = AppDelegate.swift; sourceTree = "<group>"; };
		AD2F29C2288EEEE100ECFF7C /* SceneDelegate.swift */ = {isa = PBXFileReference; lastKnownFileType = sourcecode.swift; path = SceneDelegate.swift; sourceTree = "<group>"; };
		AD2F29C4288EEEE100ECFF7C /* ViewController.swift */ = {isa = PBXFileReference; lastKnownFileType = sourcecode.swift; path = ViewController.swift; sourceTree = "<group>"; };
		AD2F29C7288EEEE100ECFF7C /* Base */ = {isa = PBXFileReference; lastKnownFileType = file.storyboard; name = Base; path = Base.lproj/Main.storyboard; sourceTree = "<group>"; };
		AD2F29C9288EEEE200ECFF7C /* Assets.xcassets */ = {isa = PBXFileReference; lastKnownFileType = folder.assetcatalog; path = Assets.xcassets; sourceTree = "<group>"; };
		AD2F29CC288EEEE200ECFF7C /* Base */ = {isa = PBXFileReference; lastKnownFileType = file.storyboard; name = Base; path = Base.lproj/LaunchScreen.storyboard; sourceTree = "<group>"; };
		AD2F29CE288EEEE200ECFF7C /* Info.plist */ = {isa = PBXFileReference; lastKnownFileType = text.plist.xml; path = Info.plist; sourceTree = "<group>"; };
		AD89B5DF288F884300A63D77 /* secondVC.swift */ = {isa = PBXFileReference; lastKnownFileType = sourcecode.swift; path = secondVC.swift; sourceTree = "<group>"; };
/* End PBXFileReference section */

/* Begin PBXFrameworksBuildPhase section */
		AD2F29BA288EEEE100ECFF7C /* Frameworks */ = {
			isa = PBXFrameworksBuildPhase;
			buildActionMask = 2147483647;
			files = (
			);
			runOnlyForDeploymentPostprocessing = 0;
		};
/* End PBXFrameworksBuildPhase section */

/* Begin PBXGroup section */
		AD2F29B4288EEEE100ECFF7C = {
			isa = PBXGroup;
			children = (
				AD2F29BF288EEEE100ECFF7C /* practiceLesson6 */,
				AD2F29BE288EEEE100ECFF7C /* Products */,
			);
			sourceTree = "<group>";
		};
		AD2F29BE288EEEE100ECFF7C /* Products */ = {
			isa = PBXGroup;
			children = (
				AD2F29BD288EEEE100ECFF7C /* practiceLesson6.app */,
			);
			name = Products;
			sourceTree = "<group>";
		};
		AD2F29BF288EEEE100ECFF7C /* practiceLesson6 */ = {
			isa = PBXGroup;
			children = (
				AD2F29C0288EEEE100ECFF7C /* AppDelegate.swift */,
				AD2F29C2288EEEE100ECFF7C /* SceneDelegate.swift */,
				AD2F29C4288EEEE100ECFF7C /* ViewController.swift */,
				AD2F29C6288EEEE100ECFF7C /* Main.storyboard */,
				AD2F29C9288EEEE200ECFF7C /* Assets.xcassets */,
				AD2F29CB288EEEE200ECFF7C /* LaunchScreen.storyboard */,
				AD2F29CE288EEEE200ECFF7C /* Info.plist */,
				AD89B5DF288F884300A63D77 /* secondVC.swift */,
			);
			path = practiceLesson6;
			sourceTree = "<group>";
		};
/* End PBXGroup section */

/* Begin PBXNativeTarget section */
		AD2F29BC288EEEE100ECFF7C /* practiceLesson6 */ = {
			isa = PBXNativeTarget;
			buildConfigurationList = AD2F29D1288EEEE200ECFF7C /* Build configuration list for PBXNativeTarget "practiceLesson6" */;
			buildPhases = (
				AD2F29B9288EEEE100ECFF7C /* Sources */,
				AD2F29BA288EEEE100ECFF7C /* Frameworks */,
				AD2F29BB288EEEE100ECFF7C /* Resources */,
			);
			buildRules = (
			);
			dependencies = (
			);
			name = practiceLesson6;
			productName = practiceLesson6;
			productReference = AD2F29BD288EEEE100ECFF7C /* practiceLesson6.app */;
			productType = "com.apple.product-type.application";
		};
/* End PBXNativeTarget section */

/* Begin PBXProject section */
		AD2F29B5288EEEE100ECFF7C /* Project object */ = {
			isa = PBXProject;
			attributes = {
				BuildIndependentTargetsInParallel = 1;
				LastSwiftUpdateCheck = 1340;
				LastUpgradeCheck = 1340;
				TargetAttributes = {
					AD2F29BC288EEEE100ECFF7C = {
						CreatedOnToolsVersion = 13.4.1;
					};
				};
			};
			buildConfigurationList = AD2F29B8288EEEE100ECFF7C /* Build configuration list for PBXProject "practiceLesson6" */;
			compatibilityVersion = "Xcode 13.0";
			developmentRegion = en;
			hasScannedForEncodings = 0;
			knownRegions = (
				en,
				Base,
			);
			mainGroup = AD2F29B4288EEEE100ECFF7C;
			productRefGroup = AD2F29BE288EEEE100ECFF7C /* Products */;
			projectDirPath = "";
			projectRoot = "";
			targets = (
				AD2F29BC288EEEE100ECFF7C /* practiceLesson6 */,
			);
		};
/* End PBXProject section */

/* Begin PBXResourcesBuildPhase section */
		AD2F29BB288EEEE100ECFF7C /* Resources */ = {
			isa = PBXResourcesBuildPhase;
			buildActionMask = 2147483647;
			files = (
				AD2F29CD288EEEE200ECFF7C /* LaunchScreen.storyboard in Resources */,
				AD2F29CA288EEEE200ECFF7C /* Assets.xcassets in Resources */,
				AD2F29C8288EEEE100ECFF7C /* Main.storyboard in Resources */,
			);
			runOnlyForDeploymentPostprocessing = 0;
		};
/* End PBXResourcesBuildPhase section */

/* Begin PBXSourcesBuildPhase section */
		AD2F29B9288EEEE100ECFF7C /* Sources */ = {
			isa = PBXSourcesBuildPhase;
			buildActionMask = 2147483647;
			files = (
				AD2F29C5288EEEE100ECFF7C /* ViewController.swift in Sources */,
				AD2F29C1288EEEE100ECFF7C /* AppDelegate.swift in Sources */,
				AD89B5E0288F884300A63D77 /* secondVC.swift in Sources */,
				AD2F29C3288EEEE100ECFF7C /* SceneDelegate.swift in Sources */,
			);
			runOnlyForDeploymentPostprocessing = 0;
		};
/* End PBXSourcesBuildPhase section */

/* Begin PBXVariantGroup section */
		AD2F29C6288EEEE100ECFF7C /* Main.storyboard */ = {
			isa = PBXVariantGroup;
			children = (
				AD2F29C7288EEEE100ECFF7C /* Base */,
			);
			name = Main.storyboard;
			sourceTree = "<group>";
		};
		AD2F29CB288EEEE200ECFF7C /* LaunchScreen.storyboard */ = {
			isa = PBXVariantGroup;
			children = (
				AD2F29CC288EEEE200ECFF7C /* Base */,
			);
			name = LaunchScreen.storyboard;
			sourceTree = "<group>";
		};
/* End PBXVariantGroup section */

/* Begin XCBuildConfiguration section */
		AD2F29CF288EEEE200ECFF7C /* Debug */ = {
			isa = XCBuildConfiguration;
			buildSettings = {
				ALWAYS_SEARCH_USER_PATHS = NO;
				CLANG_ANALYZER_NONNULL = YES;
				CLANG_ANALYZER_NUMBER_OBJECT_CONVERSION = YES_AGGRESSIVE;
				CLANG_CXX_LANGUAGE_STANDARD = "gnu++17";
				CLANG_ENABLE_MODULES = YES;
				CLANG_ENABLE_OBJC_ARC = YES;
				CLANG_ENABLE_OBJC_WEAK = YES;
				CLANG_WARN_BLOCK_CAPTURE_AUTORELEASING = YES;
				CLANG_WARN_BOOL_CONVERSION = YES;
				CLANG_WARN_COMMA = YES;
				CLANG_WARN_CONSTANT_CONVERSION = YES;
				CLANG_WARN_DEPRECATED_OBJC_IMPLEMENTATIONS = YES;
				CLANG_WARN_DIRECT_OBJC_ISA_USAGE = YES_ERROR;
				CLANG_WARN_DOCUMENTATION_COMMENTS = YES;
				CLANG_WARN_EMPTY_BODY = YES;
				CLANG_WARN_ENUM_CONVERSION = YES;
				CLANG_WARN_INFINITE_RECURSION = YES;
				CLANG_WARN_INT_CONVERSION = YES;
				CLANG_WARN_NON_LITERAL_NULL_CONVERSION = YES;
				CLANG_WARN_OBJC_IMPLICIT_RETAIN_SELF = YES;
				CLANG_WARN_OBJC_LITERAL_CONVERSION = YES;
				CLANG_WARN_OBJC_ROOT_CLASS = YES_ERROR;
				CLANG_WARN_QUOTED_INCLUDE_IN_FRAMEWORK_HEADER = YES;
				CLANG_WARN_RANGE_LOOP_ANALYSIS = YES;
				CLANG_WARN_STRICT_PROTOTYPES = YES;
				CLANG_WARN_SUSPICIOUS_MOVE = YES;
				CLANG_WARN_UNGUARDED_AVAILABILITY = YES_AGGRESSIVE;
				CLANG_WARN_UNREACHABLE_CODE = YES;
				CLANG_WARN__DUPLICATE_METHOD_MATCH = YES;
				COPY_PHASE_STRIP = NO;
				DEBUG_INFORMATION_FORMAT = dwarf;
				ENABLE_STRICT_OBJC_MSGSEND = YES;
				ENABLE_TESTABILITY = YES;
				GCC_C_LANGUAGE_STANDARD = gnu11;
				GCC_DYNAMIC_NO_PIC = NO;
				GCC_NO_COMMON_BLOCKS = YES;
				GCC_OPTIMIZATION_LEVEL = 0;
				GCC_PREPROCESSOR_DEFINITIONS = (
					"DEBUG=1",
					"$(inherited)",
				);
				GCC_WARN_64_TO_32_BIT_CONVERSION = YES;
				GCC_WARN_ABOUT_RETURN_TYPE = YES_ERROR;
				GCC_WARN_UNDECLARED_SELECTOR = YES;
				GCC_WARN_UNINITIALIZED_AUTOS = YES_AGGRESSIVE;
				GCC_WARN_UNUSED_FUNCTION = YES;
				GCC_WARN_UNUSED_VARIABLE = YES;
				IPHONEOS_DEPLOYMENT_TARGET = 15.5;
				MTL_ENABLE_DEBUG_INFO = INCLUDE_SOURCE;
				MTL_FAST_MATH = YES;
				ONLY_ACTIVE_ARCH = YES;
				SDKROOT = iphoneos;
				SWIFT_ACTIVE_COMPILATION_CONDITIONS = DEBUG;
				SWIFT_OPTIMIZATION_LEVEL = "-Onone";
			};
			name = Debug;
		};
		AD2F29D0288EEEE200ECFF7C /* Release */ = {
			isa = XCBuildConfiguration;
			buildSettings = {
				ALWAYS_SEARCH_USER_PATHS = NO;
				CLANG_ANALYZER_NONNULL = YES;
				CLANG_ANALYZER_NUMBER_OBJECT_CONVERSION = YES_AGGRESSIVE;
				CLANG_CXX_LANGUAGE_STANDARD = "gnu++17";
				CLANG_ENABLE_MODULES = YES;
				CLANG_ENABLE_OBJC_ARC = YES;
				CLANG_ENABLE_OBJC_WEAK = YES;
				CLANG_WARN_BLOCK_CAPTURE_AUTORELEASING = YES;
				CLANG_WARN_BOOL_CONVERSION = YES;
				CLANG_WARN_COMMA = YES;
				CLANG_WARN_CONSTANT_CONVERSION = YES;
				CLANG_WARN_DEPRECATED_OBJC_IMPLEMENTATIONS = YES;
				CLANG_WARN_DIRECT_OBJC_ISA_USAGE = YES_ERROR;
				CLANG_WARN_DOCUMENTATION_COMMENTS = YES;
				CLANG_WARN_EMPTY_BODY = YES;
				CLANG_WARN_ENUM_CONVERSION = YES;
				CLANG_WARN_INFINITE_RECURSION = YES;
				CLANG_WARN_INT_CONVERSION = YES;
				CLANG_WARN_NON_LITERAL_NULL_CONVERSION = YES;
				CLANG_WARN_OBJC_IMPLICIT_RETAIN_SELF = YES;
				CLANG_WARN_OBJC_LITERAL_CONVERSION = YES;
				CLANG_WARN_OBJC_ROOT_CLASS = YES_ERROR;
				CLANG_WARN_QUOTED_INCLUDE_IN_FRAMEWORK_HEADER = YES;
				CLANG_WARN_RANGE_LOOP_ANALYSIS = YES;
				CLANG_WARN_STRICT_PROTOTYPES = YES;
				CLANG_WARN_SUSPICIOUS_MOVE = YES;
				CLANG_WARN_UNGUARDED_AVAILABILITY = YES_AGGRESSIVE;
				CLANG_WARN_UNREACHABLE_CODE = YES;
				CLANG_WARN__DUPLICATE_METHOD_MATCH = YES;
				COPY_PHASE_STRIP = NO;
				DEBUG_INFORMATION_FORMAT = "dwarf-with-dsym";
				ENABLE_NS_ASSERTIONS = NO;
				ENABLE_STRICT_OBJC_MSGSEND = YES;
				GCC_C_LANGUAGE_STANDARD = gnu11;
				GCC_NO_COMMON_BLOCKS = YES;
				GCC_WARN_64_TO_32_BIT_CONVERSION = YES;
				GCC_WARN_ABOUT_RETURN_TYPE = YES_ERROR;
				GCC_WARN_UNDECLARED_SELECTOR = YES;
				GCC_WARN_UNINITIALIZED_AUTOS = YES_AGGRESSIVE;
				GCC_WARN_UNUSED_FUNCTION = YES;
				GCC_WARN_UNUSED_VARIABLE = YES;
				IPHONEOS_DEPLOYMENT_TARGET = 15.5;
				MTL_ENABLE_DEBUG_INFO = NO;
				MTL_FAST_MATH = YES;
				SDKROOT = iphoneos;
				SWIFT_COMPILATION_MODE = wholemodule;
				SWIFT_OPTIMIZATION_LEVEL = "-O";
				VALIDATE_PRODUCT = YES;
			};
			name = Release;
		};
		AD2F29D2288EEEE200ECFF7C /* Debug */ = {
			isa = XCBuildConfiguration;
			buildSettings = {
				ASSETCATALOG_COMPILER_APPICON_NAME = AppIcon;
				ASSETCATALOG_COMPILER_GLOBAL_ACCENT_COLOR_NAME = AccentColor;
				CODE_SIGN_STYLE = Automatic;
				CURRENT_PROJECT_VERSION = 1;
				DEVELOPMENT_TEAM = C2KZ9FWN67;
				GENERATE_INFOPLIST_FILE = YES;
				INFOPLIST_FILE = practiceLesson6/Info.plist;
				INFOPLIST_KEY_UIApplicationSupportsIndirectInputEvents = YES;
				INFOPLIST_KEY_UILaunchStoryboardName = LaunchScreen;
				INFOPLIST_KEY_UIMainStoryboardFile = Main;
				INFOPLIST_KEY_UISupportedInterfaceOrientations_iPad = "UIInterfaceOrientationPortrait UIInterfaceOrientationPortraitUpsideDown UIInterfaceOrientationLandscapeLeft UIInterfaceOrientationLandscapeRight";
				INFOPLIST_KEY_UISupportedInterfaceOrientations_iPhone = "UIInterfaceOrientationPortrait UIInterfaceOrientationLandscapeLeft UIInterfaceOrientationLandscapeRight";
				LD_RUNPATH_SEARCH_PATHS = (
					"$(inherited)",
					"@executable_path/Frameworks",
				);
				MARKETING_VERSION = 1.0;
				PRODUCT_BUNDLE_IDENTIFIER = com.alexandr.practiceLesson6;
				PRODUCT_NAME = "$(TARGET_NAME)";
				SWIFT_EMIT_LOC_STRINGS = YES;
				SWIFT_VERSION = 5.0;
				TARGETED_DEVICE_FAMILY = "1,2";
			};
			name = Debug;
		};
		AD2F29D3288EEEE200ECFF7C /* Release */ = {
			isa = XCBuildConfiguration;
			buildSettings = {
				ASSETCATALOG_COMPILER_APPICON_NAME = AppIcon;
				ASSETCATALOG_COMPILER_GLOBAL_ACCENT_COLOR_NAME = AccentColor;
				CODE_SIGN_STYLE = Automatic;
				CURRENT_PROJECT_VERSION = 1;
				DEVELOPMENT_TEAM = C2KZ9FWN67;
				GENERATE_INFOPLIST_FILE = YES;
				INFOPLIST_FILE = practiceLesson6/Info.plist;
				INFOPLIST_KEY_UIApplicationSupportsIndirectInputEvents = YES;
				INFOPLIST_KEY_UILaunchStoryboardName = LaunchScreen;
				INFOPLIST_KEY_UIMainStoryboardFile = Main;
				INFOPLIST_KEY_UISupportedInterfaceOrientations_iPad = "UIInterfaceOrientationPortrait UIInterfaceOrientationPortraitUpsideDown UIInterfaceOrientationLandscapeLeft UIInterfaceOrientationLandscapeRight";
				INFOPLIST_KEY_UISupportedInterfaceOrientations_iPhone = "UIInterfaceOrientationPortrait UIInterfaceOrientationLandscapeLeft UIInterfaceOrientationLandscapeRight";
				LD_RUNPATH_SEARCH_PATHS = (
					"$(inherited)",
					"@executable_path/Frameworks",
				);
				MARKETING_VERSION = 1.0;
				PRODUCT_BUNDLE_IDENTIFIER = com.alexandr.practiceLesson6;
				PRODUCT_NAME = "$(TARGET_NAME)";
				SWIFT_EMIT_LOC_STRINGS = YES;
				SWIFT_VERSION = 5.0;
				TARGETED_DEVICE_FAMILY = "1,2";
			};
			name = Release;
		};
/* End XCBuildConfiguration section */

/* Begin XCConfigurationList section */
		AD2F29B8288EEEE100ECFF7C /* Build configuration list for PBXProject "practiceLesson6" */ = {
			isa = XCConfigurationList;
			buildConfigurations = (
				AD2F29CF288EEEE200ECFF7C /* Debug */,
				AD2F29D0288EEEE200ECFF7C /* Release */,
			);
			defaultConfigurationIsVisible = 0;
			defaultConfigurationName = Release;
		};
		AD2F29D1288EEEE200ECFF7C /* Build configuration list for PBXNativeTarget "practiceLesson6" */ = {
			isa = XCConfigurationList;
			buildConfigurations = (
				AD2F29D2288EEEE200ECFF7C /* Debug */,
				AD2F29D3288EEEE200ECFF7C /* Release */,
			);
			defaultConfigurationIsVisible = 0;
			defaultConfigurationName = Release;
		};
/* End XCConfigurationList section */
	};
	rootObject = AD2F29B5288EEEE100ECFF7C /* Project object */;
}
